
Microsoft Visual Studio Solution File, Format Version 12.00
# Visual Studio Version 17
VisualStudioVersion = 17.8.34728.176
MinimumVisualStudioVersion = 10.0.40219.1
Project("{FAE04EC0-301F-11D3-BF4B-00C04F79EFBC}") = "MaxtronBlog.API", "MaxtronBlog.API\MaxtronBlog.API.csproj", "{7D0BD743-9CA7-47E9-9D3C-118CFABD32EC}"
EndProject
Global
	GlobalSection(SolutionConfigurationPlatforms) = preSolution
		Debug|Any CPU = Debug|Any CPU
		Release|Any CPU = Release|Any CPU
	EndGlobalSection
	GlobalSection(ProjectConfigurationPlatforms) = postSolution
		{7D0BD743-9CA7-47E9-9D3C-118CFABD32EC}.Debug|Any CPU.ActiveCfg = Debug|Any CPU
		{7D0BD743-9CA7-47E9-9D3C-118CFABD32EC}.Debug|Any CPU.Build.0 = Debug|Any CPU
		{7D0BD743-9CA7-47E9-9D3C-118CFABD32EC}.Release|Any CPU.ActiveCfg = Release|Any CPU
		{7D0BD743-9CA7-47E9-9D3C-118CFABD32EC}.Release|Any CPU.Build.0 = Release|Any CPU
	EndGlobalSection
	GlobalSection(SolutionProperties) = preSolution
		HideSolutionNode = FALSE
	EndGlobalSection
	GlobalSection(ExtensibilityGlobals) = postSolution
		SolutionGuid = {4AE807FD-0B6C-4243-8637-1DB7B4CCFD5A}
	EndGlobalSection
EndGlobal
